
Microsoft Visual Studio Solution File, Format Version 12.00
# Visual Studio Version 17
VisualStudioVersion = 17.6.33723.286
MinimumVisualStudioVersion = 10.0.40219.1
Project("{FAE04EC0-301F-11D3-BF4B-00C04F79EFBC}") = "SLAD-SERVER", "SLAD-SERVER.csproj", "{A776DA3A-231B-4065-9F01-7B98E1EA7CBA}"
EndProject
Global
	GlobalSection(SolutionConfigurationPlatforms) = preSolution
		Debug|Any CPU = Debug|Any CPU
		Release|Any CPU = Release|Any CPU
	EndGlobalSection
	GlobalSection(ProjectConfigurationPlatforms) = postSolution
		{A776DA3A-231B-4065-9F01-7B98E1EA7CBA}.Debug|Any CPU.ActiveCfg = Debug|Any CPU
		{A776DA3A-231B-4065-9F01-7B98E1EA7CBA}.Debug|Any CPU.Build.0 = Debug|Any CPU
		{A776DA3A-231B-4065-9F01-7B98E1EA7CBA}.Release|Any CPU.ActiveCfg = Release|Any CPU
		{A776DA3A-231B-4065-9F01-7B98E1EA7CBA}.Release|Any CPU.Build.0 = Release|Any CPU
	EndGlobalSection
	GlobalSection(SolutionProperties) = preSolution
		HideSolutionNode = FALSE
	EndGlobalSection
	GlobalSection(ExtensibilityGlobals) = postSolution
		SolutionGuid = {4B9C623F-7520-4180-945C-7DDD230F094A}
	EndGlobalSection
EndGlobal
